
Microsoft Visual Studio Solution File, Format Version 12.00
# Visual Studio 15
VisualStudioVersion = 15.0.28307.136
MinimumVisualStudioVersion = 10.0.40219.1
Project("{9A19103F-16F7-4668-BE54-9A1E7A4F7556}") = "MessageForwarder", "MessageForwarder\MessageForwarder.csproj", "{90D58127-05FC-4B5B-9A59-59C76A70E3B4}"
EndProject
Project("{FAE04EC0-301F-11D3-BF4B-00C04F79EFBC}") = "ServiceBusMessageForwarder", "ServiceBusMessageForwarder\ServiceBusMessageForwarder.csproj", "{09972E85-6C54-400E-BE38-FDFBAAEEC661}"
EndProject
Project("{FAE04EC0-301F-11D3-BF4B-00C04F79EFBC}") = "TestMessageReceiver", "TestMessageReceiver\TestMessageReceiver.csproj", "{5A0F6A54-0828-458D-8CC7-1A6B69059514}"
EndProject
Global
	GlobalSection(SolutionConfigurationPlatforms) = preSolution
		Debug|Any CPU = Debug|Any CPU
		Release|Any CPU = Release|Any CPU
	EndGlobalSection
	GlobalSection(ProjectConfigurationPlatforms) = postSolution
		{90D58127-05FC-4B5B-9A59-59C76A70E3B4}.Debug|Any CPU.ActiveCfg = Debug|Any CPU
		{90D58127-05FC-4B5B-9A59-59C76A70E3B4}.Debug|Any CPU.Build.0 = Debug|Any CPU
		{90D58127-05FC-4B5B-9A59-59C76A70E3B4}.Release|Any CPU.ActiveCfg = Release|Any CPU
		{90D58127-05FC-4B5B-9A59-59C76A70E3B4}.Release|Any CPU.Build.0 = Release|Any CPU
		{09972E85-6C54-400E-BE38-FDFBAAEEC661}.Debug|Any CPU.ActiveCfg = Debug|Any CPU
		{09972E85-6C54-400E-BE38-FDFBAAEEC661}.Debug|Any CPU.Build.0 = Debug|Any CPU
		{09972E85-6C54-400E-BE38-FDFBAAEEC661}.Release|Any CPU.ActiveCfg = Release|Any CPU
		{09972E85-6C54-400E-BE38-FDFBAAEEC661}.Release|Any CPU.Build.0 = Release|Any CPU
		{5A0F6A54-0828-458D-8CC7-1A6B69059514}.Debug|Any CPU.ActiveCfg = Debug|Any CPU
		{5A0F6A54-0828-458D-8CC7-1A6B69059514}.Debug|Any CPU.Build.0 = Debug|Any CPU
		{5A0F6A54-0828-458D-8CC7-1A6B69059514}.Release|Any CPU.ActiveCfg = Release|Any CPU
		{5A0F6A54-0828-458D-8CC7-1A6B69059514}.Release|Any CPU.Build.0 = Release|Any CPU
	EndGlobalSection
	GlobalSection(SolutionProperties) = preSolution
		HideSolutionNode = FALSE
	EndGlobalSection
	GlobalSection(ExtensibilityGlobals) = postSolution
		SolutionGuid = {525D7BEE-A6F0-462D-B237-6501B8B59B2F}
	EndGlobalSection
EndGlobal
